// !$*UTF8*$!
{
	archiveVersion = 1;
	classes = {
	};
	objectVersion = 52;
	objects = {

/* Begin PBXBuildFile section */
		5823163726C2424B006A2075 /* GetQuotesService.swift in Sources */ = {isa = PBXBuildFile; fileRef = 5823163626C2424B006A2075 /* GetQuotesService.swift */; };
		5823163926C248BE006A2075 /* URLComponents.swift in Sources */ = {isa = PBXBuildFile; fileRef = 5823163826C248BE006A2075 /* URLComponents.swift */; };
		5823163B26C2504E006A2075 /* URL.swift in Sources */ = {isa = PBXBuildFile; fileRef = 5823163A26C2504E006A2075 /* URL.swift */; };
		5836B87326C0CC8000530476 /* StockHomeViewModel.swift in Sources */ = {isa = PBXBuildFile; fileRef = 5836B87226C0CC8000530476 /* StockHomeViewModel.swift */; };
		58399AE526BD8E7300EBEB2B /* CircleButtonView.swift in Sources */ = {isa = PBXBuildFile; fileRef = 58399AE426BD8E7300EBEB2B /* CircleButtonView.swift */; };
		584CC75B269DF45500B2D795 /* GetQuotes.swift in Sources */ = {isa = PBXBuildFile; fileRef = 584CC75A269DF45500B2D795 /* GetQuotes.swift */; };
		586830DA26C7874E002538D9 /* UIApplication.swift in Sources */ = {isa = PBXBuildFile; fileRef = 586830D926C7874E002538D9 /* UIApplication.swift */; };
		586830DE26C78F65002538D9 /* SearchBarView.swift in Sources */ = {isa = PBXBuildFile; fileRef = 586830DD26C78F65002538D9 /* SearchBarView.swift */; };
		586830E026C7C2FB002538D9 /* ETFModel.swift in Sources */ = {isa = PBXBuildFile; fileRef = 586830DF26C7C2FB002538D9 /* ETFModel.swift */; };
		586830E226C7C424002538D9 /* StatsView.swift in Sources */ = {isa = PBXBuildFile; fileRef = 586830E126C7C424002538D9 /* StatsView.swift */; };
		586830E426C7C994002538D9 /* ETFStatRow.swift in Sources */ = {isa = PBXBuildFile; fileRef = 586830E326C7C994002538D9 /* ETFStatRow.swift */; };
		5875007126BD96CB00870535 /* CircleButtonAnimationView.swift in Sources */ = {isa = PBXBuildFile; fileRef = 5875007026BD96CB00870535 /* CircleButtonAnimationView.swift */; };
		5875007326BDA5F100870535 /* Double.swift in Sources */ = {isa = PBXBuildFile; fileRef = 5875007226BDA5F100870535 /* Double.swift */; };
		5875007526BDA93B00870535 /* PreviewProvider.swift in Sources */ = {isa = PBXBuildFile; fileRef = 5875007426BDA93B00870535 /* PreviewProvider.swift */; };
		589025C026D16CA2003919CC /* StockChartView.swift in Sources */ = {isa = PBXBuildFile; fileRef = 589025BF26D16CA2003919CC /* StockChartView.swift */; };
		589025C226D16E1C003919CC /* StockChartViewModel.swift in Sources */ = {isa = PBXBuildFile; fileRef = 589025C126D16E1C003919CC /* StockChartViewModel.swift */; };
		589025C426D1778A003919CC /* GetChart.swift in Sources */ = {isa = PBXBuildFile; fileRef = 589025C326D1778A003919CC /* GetChart.swift */; };
		589025C626D18752003919CC /* GetChartService.swift in Sources */ = {isa = PBXBuildFile; fileRef = 589025C526D18752003919CC /* GetChartService.swift */; };
		5899270A26CAB62C00D2C857 /* PortfolioContainer.xcdatamodeld in Sources */ = {isa = PBXBuildFile; fileRef = 5899270826CAB62C00D2C857 /* PortfolioContainer.xcdatamodeld */; };
		5899270C26CAB72200D2C857 /* PortfolioDataService.swift in Sources */ = {isa = PBXBuildFile; fileRef = 5899270B26CAB72200D2C857 /* PortfolioDataService.swift */; };
		58A4AC0126D2FE4B009764DC /* Date.swift in Sources */ = {isa = PBXBuildFile; fileRef = 58A4AC0026D2FE4B009764DC /* Date.swift */; };
		58A4AC0326D302A4009764DC /* Int.swift in Sources */ = {isa = PBXBuildFile; fileRef = 58A4AC0226D302A4009764DC /* Int.swift */; };
		58C845A526C89B6300201590 /* PortfolioSettingView.swift in Sources */ = {isa = PBXBuildFile; fileRef = 58C845A426C89B6300201590 /* PortfolioSettingView.swift */; };
		58C845A726C89E3800201590 /* XMarkButtonView.swift in Sources */ = {isa = PBXBuildFile; fileRef = 58C845A626C89E3800201590 /* XMarkButtonView.swift */; };
		58CA366E26C8EF42002C47ED /* PortfolioSettingStockView.swift in Sources */ = {isa = PBXBuildFile; fileRef = 58CA366D26C8EF42002C47ED /* PortfolioSettingStockView.swift */; };
		58CC64A226826E9100994D66 /* ValueInvestorApp.swift in Sources */ = {isa = PBXBuildFile; fileRef = 58CC64A126826E9100994D66 /* ValueInvestorApp.swift */; };
		58CC64A426826E9100994D66 /* StockHomeView.swift in Sources */ = {isa = PBXBuildFile; fileRef = 58CC64A326826E9100994D66 /* StockHomeView.swift */; };
		58CC64A626826E9200994D66 /* Assets.xcassets in Resources */ = {isa = PBXBuildFile; fileRef = 58CC64A526826E9200994D66 /* Assets.xcassets */; };
		58CC64A926826E9200994D66 /* Preview Assets.xcassets in Resources */ = {isa = PBXBuildFile; fileRef = 58CC64A826826E9200994D66 /* Preview Assets.xcassets */; };
		58CC64B426826E9200994D66 /* ValueInvestorTests.swift in Sources */ = {isa = PBXBuildFile; fileRef = 58CC64B326826E9200994D66 /* ValueInvestorTests.swift */; };
		58CC64BF26826E9200994D66 /* ValueInvestorUITests.swift in Sources */ = {isa = PBXBuildFile; fileRef = 58CC64BE26826E9200994D66 /* ValueInvestorUITests.swift */; };
		58D1E4C226A1D054009DD233 /* SwiftUICharts in Frameworks */ = {isa = PBXBuildFile; productRef = 58D1E4C126A1D054009DD233 /* SwiftUICharts */; };
		58D39F2526CF0A7C00E349E4 /* DetailView.swift in Sources */ = {isa = PBXBuildFile; fileRef = 58D39F2426CF0A7C00E349E4 /* DetailView.swift */; };
		58D39F2726CF1A8C00E349E4 /* GetProfile.swift in Sources */ = {isa = PBXBuildFile; fileRef = 58D39F2626CF1A8C00E349E4 /* GetProfile.swift */; };
		58D39F2926CF247F00E349E4 /* DetailViewModel.swift in Sources */ = {isa = PBXBuildFile; fileRef = 58D39F2826CF247F00E349E4 /* DetailViewModel.swift */; };
		58D39F2B26CF24C600E349E4 /* StockDetailDataService.swift in Sources */ = {isa = PBXBuildFile; fileRef = 58D39F2A26CF24C600E349E4 /* StockDetailDataService.swift */; };
		58E162C126C016FE00D57F12 /* StockRowView.swift in Sources */ = {isa = PBXBuildFile; fileRef = 58E162C026C016FE00D57F12 /* StockRowView.swift */; };
		58F8A22A26C3F6BA00BA903B /* NetworkManager.swift in Sources */ = {isa = PBXBuildFile; fileRef = 58F8A22926C3F6BA00BA903B /* NetworkManager.swift */; };
		58FC45A826BB45DD00601614 /* Color.swift in Sources */ = {isa = PBXBuildFile; fileRef = 58FC45A726BB45DD00601614 /* Color.swift */; };
/* End PBXBuildFile section */

/* Begin PBXContainerItemProxy section */
		58CC64B026826E9200994D66 /* PBXContainerItemProxy */ = {
			isa = PBXContainerItemProxy;
			containerPortal = 58CC649626826E9100994D66 /* Project object */;
			proxyType = 1;
			remoteGlobalIDString = 58CC649D26826E9100994D66;
			remoteInfo = ValueInvestor;
		};
		58CC64BB26826E9200994D66 /* PBXContainerItemProxy */ = {
			isa = PBXContainerItemProxy;
			containerPortal = 58CC649626826E9100994D66 /* Project object */;
			proxyType = 1;
			remoteGlobalIDString = 58CC649D26826E9100994D66;
			remoteInfo = ValueInvestor;
		};
/* End PBXContainerItemProxy section */

/* Begin PBXFileReference section */
		5823163626C2424B006A2075 /* GetQuotesService.swift */ = {isa = PBXFileReference; lastKnownFileType = sourcecode.swift; path = GetQuotesService.swift; sourceTree = "<group>"; };
		5823163826C248BE006A2075 /* URLComponents.swift */ = {isa = PBXFileReference; lastKnownFileType = sourcecode.swift; path = URLComponents.swift; sourceTree = "<group>"; };
		5823163A26C2504E006A2075 /* URL.swift */ = {isa = PBXFileReference; lastKnownFileType = sourcecode.swift; path = URL.swift; sourceTree = "<group>"; };
		5836B87226C0CC8000530476 /* StockHomeViewModel.swift */ = {isa = PBXFileReference; lastKnownFileType = sourcecode.swift; path = StockHomeViewModel.swift; sourceTree = "<group>"; };
		58399AE426BD8E7300EBEB2B /* CircleButtonView.swift */ = {isa = PBXFileReference; lastKnownFileType = sourcecode.swift; path = CircleButtonView.swift; sourceTree = "<group>"; };
		584CC75A269DF45500B2D795 /* GetQuotes.swift */ = {isa = PBXFileReference; lastKnownFileType = sourcecode.swift; path = GetQuotes.swift; sourceTree = "<group>"; };
		586830D926C7874E002538D9 /* UIApplication.swift */ = {isa = PBXFileReference; lastKnownFileType = sourcecode.swift; path = UIApplication.swift; sourceTree = "<group>"; };
		586830DD26C78F65002538D9 /* SearchBarView.swift */ = {isa = PBXFileReference; lastKnownFileType = sourcecode.swift; path = SearchBarView.swift; sourceTree = "<group>"; };
		586830DF26C7C2FB002538D9 /* ETFModel.swift */ = {isa = PBXFileReference; lastKnownFileType = sourcecode.swift; path = ETFModel.swift; sourceTree = "<group>"; };
		586830E126C7C424002538D9 /* StatsView.swift */ = {isa = PBXFileReference; lastKnownFileType = sourcecode.swift; path = StatsView.swift; sourceTree = "<group>"; };
		586830E326C7C994002538D9 /* ETFStatRow.swift */ = {isa = PBXFileReference; lastKnownFileType = sourcecode.swift; path = ETFStatRow.swift; sourceTree = "<group>"; };
		5875007026BD96CB00870535 /* CircleButtonAnimationView.swift */ = {isa = PBXFileReference; lastKnownFileType = sourcecode.swift; path = CircleButtonAnimationView.swift; sourceTree = "<group>"; };
		5875007226BDA5F100870535 /* Double.swift */ = {isa = PBXFileReference; lastKnownFileType = sourcecode.swift; path = Double.swift; sourceTree = "<group>"; };
		5875007426BDA93B00870535 /* PreviewProvider.swift */ = {isa = PBXFileReference; lastKnownFileType = sourcecode.swift; path = PreviewProvider.swift; sourceTree = "<group>"; };
		589025BF26D16CA2003919CC /* StockChartView.swift */ = {isa = PBXFileReference; lastKnownFileType = sourcecode.swift; path = StockChartView.swift; sourceTree = "<group>"; };
		589025C126D16E1C003919CC /* StockChartViewModel.swift */ = {isa = PBXFileReference; lastKnownFileType = sourcecode.swift; path = StockChartViewModel.swift; sourceTree = "<group>"; };
		589025C326D1778A003919CC /* GetChart.swift */ = {isa = PBXFileReference; lastKnownFileType = sourcecode.swift; path = GetChart.swift; sourceTree = "<group>"; };
		589025C526D18752003919CC /* GetChartService.swift */ = {isa = PBXFileReference; lastKnownFileType = sourcecode.swift; path = GetChartService.swift; sourceTree = "<group>"; };
		5899270926CAB62C00D2C857 /* PortfolioContainer.xcdatamodel */ = {isa = PBXFileReference; lastKnownFileType = wrapper.xcdatamodel; path = PortfolioContainer.xcdatamodel; sourceTree = "<group>"; };
		5899270B26CAB72200D2C857 /* PortfolioDataService.swift */ = {isa = PBXFileReference; lastKnownFileType = sourcecode.swift; path = PortfolioDataService.swift; sourceTree = "<group>"; };
		58A4AC0026D2FE4B009764DC /* Date.swift */ = {isa = PBXFileReference; lastKnownFileType = sourcecode.swift; path = Date.swift; sourceTree = "<group>"; };
		58A4AC0226D302A4009764DC /* Int.swift */ = {isa = PBXFileReference; lastKnownFileType = sourcecode.swift; path = Int.swift; sourceTree = "<group>"; };
		58C845A426C89B6300201590 /* PortfolioSettingView.swift */ = {isa = PBXFileReference; lastKnownFileType = sourcecode.swift; path = PortfolioSettingView.swift; sourceTree = "<group>"; };
		58C845A626C89E3800201590 /* XMarkButtonView.swift */ = {isa = PBXFileReference; lastKnownFileType = sourcecode.swift; path = XMarkButtonView.swift; sourceTree = "<group>"; };
		58CA366D26C8EF42002C47ED /* PortfolioSettingStockView.swift */ = {isa = PBXFileReference; lastKnownFileType = sourcecode.swift; path = PortfolioSettingStockView.swift; sourceTree = "<group>"; };
		58CC649E26826E9100994D66 /* ValueInvestor.app */ = {isa = PBXFileReference; explicitFileType = wrapper.application; includeInIndex = 0; path = ValueInvestor.app; sourceTree = BUILT_PRODUCTS_DIR; };
		58CC64A126826E9100994D66 /* ValueInvestorApp.swift */ = {isa = PBXFileReference; lastKnownFileType = sourcecode.swift; path = ValueInvestorApp.swift; sourceTree = "<group>"; };
		58CC64A326826E9100994D66 /* StockHomeView.swift */ = {isa = PBXFileReference; lastKnownFileType = sourcecode.swift; path = StockHomeView.swift; sourceTree = "<group>"; };
		58CC64A526826E9200994D66 /* Assets.xcassets */ = {isa = PBXFileReference; lastKnownFileType = folder.assetcatalog; path = Assets.xcassets; sourceTree = "<group>"; };
		58CC64A826826E9200994D66 /* Preview Assets.xcassets */ = {isa = PBXFileReference; lastKnownFileType = folder.assetcatalog; path = "Preview Assets.xcassets"; sourceTree = "<group>"; };
		58CC64AA26826E9200994D66 /* Info.plist */ = {isa = PBXFileReference; lastKnownFileType = text.plist.xml; path = Info.plist; sourceTree = "<group>"; };
		58CC64AF26826E9200994D66 /* ValueInvestorTests.xctest */ = {isa = PBXFileReference; explicitFileType = wrapper.cfbundle; includeInIndex = 0; path = ValueInvestorTests.xctest; sourceTree = BUILT_PRODUCTS_DIR; };
		58CC64B326826E9200994D66 /* ValueInvestorTests.swift */ = {isa = PBXFileReference; lastKnownFileType = sourcecode.swift; path = ValueInvestorTests.swift; sourceTree = "<group>"; };
		58CC64B526826E9200994D66 /* Info.plist */ = {isa = PBXFileReference; lastKnownFileType = text.plist.xml; path = Info.plist; sourceTree = "<group>"; };
		58CC64BA26826E9200994D66 /* ValueInvestorUITests.xctest */ = {isa = PBXFileReference; explicitFileType = wrapper.cfbundle; includeInIndex = 0; path = ValueInvestorUITests.xctest; sourceTree = BUILT_PRODUCTS_DIR; };
		58CC64BE26826E9200994D66 /* ValueInvestorUITests.swift */ = {isa = PBXFileReference; lastKnownFileType = sourcecode.swift; path = ValueInvestorUITests.swift; sourceTree = "<group>"; };
		58CC64C026826E9200994D66 /* Info.plist */ = {isa = PBXFileReference; lastKnownFileType = text.plist.xml; path = Info.plist; sourceTree = "<group>"; };
		58D39F2426CF0A7C00E349E4 /* DetailView.swift */ = {isa = PBXFileReference; lastKnownFileType = sourcecode.swift; path = DetailView.swift; sourceTree = "<group>"; };
		58D39F2626CF1A8C00E349E4 /* GetProfile.swift */ = {isa = PBXFileReference; lastKnownFileType = sourcecode.swift; path = GetProfile.swift; sourceTree = "<group>"; };
		58D39F2826CF247F00E349E4 /* DetailViewModel.swift */ = {isa = PBXFileReference; lastKnownFileType = sourcecode.swift; path = DetailViewModel.swift; sourceTree = "<group>"; };
		58D39F2A26CF24C600E349E4 /* StockDetailDataService.swift */ = {isa = PBXFileReference; lastKnownFileType = sourcecode.swift; path = StockDetailDataService.swift; sourceTree = "<group>"; };
		58E162C026C016FE00D57F12 /* StockRowView.swift */ = {isa = PBXFileReference; lastKnownFileType = sourcecode.swift; path = StockRowView.swift; sourceTree = "<group>"; };
		58F8A22926C3F6BA00BA903B /* NetworkManager.swift */ = {isa = PBXFileReference; lastKnownFileType = sourcecode.swift; path = NetworkManager.swift; sourceTree = "<group>"; };
		58FC45A726BB45DD00601614 /* Color.swift */ = {isa = PBXFileReference; lastKnownFileType = sourcecode.swift; path = Color.swift; sourceTree = "<group>"; };
/* End PBXFileReference section */

/* Begin PBXFrameworksBuildPhase section */
		58CC649B26826E9100994D66 /* Frameworks */ = {
			isa = PBXFrameworksBuildPhase;
			buildActionMask = 2147483647;
			files = (
				58D1E4C226A1D054009DD233 /* SwiftUICharts in Frameworks */,
			);
			runOnlyForDeploymentPostprocessing = 0;
		};
		58CC64AC26826E9200994D66 /* Frameworks */ = {
			isa = PBXFrameworksBuildPhase;
			buildActionMask = 2147483647;
			files = (
			);
			runOnlyForDeploymentPostprocessing = 0;
		};
		58CC64B726826E9200994D66 /* Frameworks */ = {
			isa = PBXFrameworksBuildPhase;
			buildActionMask = 2147483647;
			files = (
			);
			runOnlyForDeploymentPostprocessing = 0;
		};
/* End PBXFrameworksBuildPhase section */

/* Begin PBXGroup section */
		5823163526C241E1006A2075 /* Services */ = {
			isa = PBXGroup;
			children = (
				5823163626C2424B006A2075 /* GetQuotesService.swift */,
				58D39F2A26CF24C600E349E4 /* StockDetailDataService.swift */,
				589025C526D18752003919CC /* GetChartService.swift */,
				5899270826CAB62C00D2C857 /* PortfolioContainer.xcdatamodeld */,
				5899270B26CAB72200D2C857 /* PortfolioDataService.swift */,
			);
			path = Services;
			sourceTree = "<group>";
		};
		583A267E268F9E0B00E60D4D /* Views */ = {
			isa = PBXGroup;
			children = (
				58CC64A326826E9100994D66 /* StockHomeView.swift */,
				58C845A426C89B6300201590 /* PortfolioSettingView.swift */,
				58E162C026C016FE00D57F12 /* StockRowView.swift */,
				586830E326C7C994002538D9 /* ETFStatRow.swift */,
			);
			path = Views;
			sourceTree = "<group>";
		};
		586830D626C777BB002538D9 /* CircleButton */ = {
			isa = PBXGroup;
			children = (
				58399AE426BD8E7300EBEB2B /* CircleButtonView.swift */,
				5875007026BD96CB00870535 /* CircleButtonAnimationView.swift */,
			);
			path = CircleButton;
			sourceTree = "<group>";
		};
		58CBF3E72698EDF2004B2B9F /* Models */ = {
			isa = PBXGroup;
			children = (
				584CC75A269DF45500B2D795 /* GetQuotes.swift */,
				586830DF26C7C2FB002538D9 /* ETFModel.swift */,
				58D39F2626CF1A8C00E349E4 /* GetProfile.swift */,
				589025C326D1778A003919CC /* GetChart.swift */,
			);
			path = Models;
			sourceTree = "<group>";
		};
		58CBF3EA2698F6E2004B2B9F /* ViewModel */ = {
			isa = PBXGroup;
			children = (
				5836B87226C0CC8000530476 /* StockHomeViewModel.swift */,
			);
			path = ViewModel;
			sourceTree = "<group>";
		};
		58CC649526826E9100994D66 = {
			isa = PBXGroup;
			children = (
				58CC64A026826E9100994D66 /* ValueInvestor */,
				58CC64B226826E9200994D66 /* ValueInvestorTests */,
				58CC64BD26826E9200994D66 /* ValueInvestorUITests */,
				58CC649F26826E9100994D66 /* Products */,
			);
			sourceTree = "<group>";
		};
		58CC649F26826E9100994D66 /* Products */ = {
			isa = PBXGroup;
			children = (
				58CC649E26826E9100994D66 /* ValueInvestor.app */,
				58CC64AF26826E9200994D66 /* ValueInvestorTests.xctest */,
				58CC64BA26826E9200994D66 /* ValueInvestorUITests.xctest */,
			);
			name = Products;
			sourceTree = "<group>";
		};
		58CC64A026826E9100994D66 /* ValueInvestor */ = {
			isa = PBXGroup;
			children = (
				58CC64A126826E9100994D66 /* ValueInvestorApp.swift */,
				58F8A22826C3F09600BA903B /* Networking */,
				58FC45A326BB3A3C00601614 /* Core */,
				58FC45A626BB3AC000601614 /* Extensions */,
				58CC64A526826E9200994D66 /* Assets.xcassets */,
				58CC64AA26826E9200994D66 /* Info.plist */,
				58CC64A726826E9200994D66 /* Preview Content */,
			);
			path = ValueInvestor;
			sourceTree = "<group>";
		};
		58CC64A726826E9200994D66 /* Preview Content */ = {
			isa = PBXGroup;
			children = (
				58CC64A826826E9200994D66 /* Preview Assets.xcassets */,
			);
			path = "Preview Content";
			sourceTree = "<group>";
		};
		58CC64B226826E9200994D66 /* ValueInvestorTests */ = {
			isa = PBXGroup;
			children = (
				58CC64B326826E9200994D66 /* ValueInvestorTests.swift */,
				58CC64B526826E9200994D66 /* Info.plist */,
			);
			path = ValueInvestorTests;
			sourceTree = "<group>";
		};
		58CC64BD26826E9200994D66 /* ValueInvestorUITests */ = {
			isa = PBXGroup;
			children = (
				58CC64BE26826E9200994D66 /* ValueInvestorUITests.swift */,
				58CC64C026826E9200994D66 /* Info.plist */,
			);
			path = ValueInvestorUITests;
			sourceTree = "<group>";
		};
		58D39F2126CF0A4400E349E4 /* Detail */ = {
			isa = PBXGroup;
			children = (
				58D39F2226CF0A5E00E349E4 /* ViewModels */,
				58D39F2326CF0A6A00E349E4 /* View */,
			);
			path = Detail;
			sourceTree = "<group>";
		};
		58D39F2226CF0A5E00E349E4 /* ViewModels */ = {
			isa = PBXGroup;
			children = (
				58D39F2826CF247F00E349E4 /* DetailViewModel.swift */,
				589025C126D16E1C003919CC /* StockChartViewModel.swift */,
			);
			path = ViewModels;
			sourceTree = "<group>";
		};
		58D39F2326CF0A6A00E349E4 /* View */ = {
			isa = PBXGroup;
			children = (
				58D39F2426CF0A7C00E349E4 /* DetailView.swift */,
				589025BF26D16CA2003919CC /* StockChartView.swift */,
			);
			path = View;
			sourceTree = "<group>";
		};
		58F8A22726C3F08A00BA903B /* Utilities */ = {
			isa = PBXGroup;
			children = (
				58F8A22926C3F6BA00BA903B /* NetworkManager.swift */,
			);
			path = Utilities;
			sourceTree = "<group>";
		};
		58F8A22826C3F09600BA903B /* Networking */ = {
			isa = PBXGroup;
			children = (
				58CBF3E72698EDF2004B2B9F /* Models */,
				58F8A22726C3F08A00BA903B /* Utilities */,
				5823163526C241E1006A2075 /* Services */,
			);
			path = Networking;
			sourceTree = "<group>";
		};
		58FC45A326BB3A3C00601614 /* Core */ = {
			isa = PBXGroup;
			children = (
				58FC45A426BB3A5800601614 /* Components */,
				58FC45A526BB3A6200601614 /* Home */,
				58D39F2126CF0A4400E349E4 /* Detail */,
			);
			path = Core;
			sourceTree = "<group>";
		};
		58FC45A426BB3A5800601614 /* Components */ = {
			isa = PBXGroup;
			children = (
				58CA366D26C8EF42002C47ED /* PortfolioSettingStockView.swift */,
				586830E126C7C424002538D9 /* StatsView.swift */,
				58C845A626C89E3800201590 /* XMarkButtonView.swift */,
				586830DD26C78F65002538D9 /* SearchBarView.swift */,
				586830D626C777BB002538D9 /* CircleButton */,
			);
			path = Components;
			sourceTree = "<group>";
		};
		58FC45A526BB3A6200601614 /* Home */ = {
			isa = PBXGroup;
			children = (
				58CBF3EA2698F6E2004B2B9F /* ViewModel */,
				583A267E268F9E0B00E60D4D /* Views */,
			);
			path = Home;
			sourceTree = "<group>";
		};
		58FC45A626BB3AC000601614 /* Extensions */ = {
			isa = PBXGroup;
			children = (
				58FC45A726BB45DD00601614 /* Color.swift */,
				5875007226BDA5F100870535 /* Double.swift */,
				5875007426BDA93B00870535 /* PreviewProvider.swift */,
				5823163826C248BE006A2075 /* URLComponents.swift */,
				5823163A26C2504E006A2075 /* URL.swift */,
				586830D926C7874E002538D9 /* UIApplication.swift */,
				58A4AC0026D2FE4B009764DC /* Date.swift */,
				58A4AC0226D302A4009764DC /* Int.swift */,
			);
			path = Extensions;
			sourceTree = "<group>";
		};
/* End PBXGroup section */

/* Begin PBXNativeTarget section */
		58CC649D26826E9100994D66 /* ValueInvestor */ = {
			isa = PBXNativeTarget;
			buildConfigurationList = 58CC64C326826E9200994D66 /* Build configuration list for PBXNativeTarget "ValueInvestor" */;
			buildPhases = (
				58CC649A26826E9100994D66 /* Sources */,
				58CC649B26826E9100994D66 /* Frameworks */,
				58CC649C26826E9100994D66 /* Resources */,
			);
			buildRules = (
			);
			dependencies = (
			);
			name = ValueInvestor;
			packageProductDependencies = (
				58D1E4C126A1D054009DD233 /* SwiftUICharts */,
			);
			productName = ValueInvestor;
			productReference = 58CC649E26826E9100994D66 /* ValueInvestor.app */;
			productType = "com.apple.product-type.application";
		};
		58CC64AE26826E9200994D66 /* ValueInvestorTests */ = {
			isa = PBXNativeTarget;
			buildConfigurationList = 58CC64C626826E9200994D66 /* Build configuration list for PBXNativeTarget "ValueInvestorTests" */;
			buildPhases = (
				58CC64AB26826E9200994D66 /* Sources */,
				58CC64AC26826E9200994D66 /* Frameworks */,
				58CC64AD26826E9200994D66 /* Resources */,
			);
			buildRules = (
			);
			dependencies = (
				58CC64B126826E9200994D66 /* PBXTargetDependency */,
			);
			name = ValueInvestorTests;
			productName = ValueInvestorTests;
			productReference = 58CC64AF26826E9200994D66 /* ValueInvestorTests.xctest */;
			productType = "com.apple.product-type.bundle.unit-test";
		};
		58CC64B926826E9200994D66 /* ValueInvestorUITests */ = {
			isa = PBXNativeTarget;
			buildConfigurationList = 58CC64C926826E9200994D66 /* Build configuration list for PBXNativeTarget "ValueInvestorUITests" */;
			buildPhases = (
				58CC64B626826E9200994D66 /* Sources */,
				58CC64B726826E9200994D66 /* Frameworks */,
				58CC64B826826E9200994D66 /* Resources */,
			);
			buildRules = (
			);
			dependencies = (
				58CC64BC26826E9200994D66 /* PBXTargetDependency */,
			);
			name = ValueInvestorUITests;
			productName = ValueInvestorUITests;
			productReference = 58CC64BA26826E9200994D66 /* ValueInvestorUITests.xctest */;
			productType = "com.apple.product-type.bundle.ui-testing";
		};
/* End PBXNativeTarget section */

/* Begin PBXProject section */
		58CC649626826E9100994D66 /* Project object */ = {
			isa = PBXProject;
			attributes = {
				LastSwiftUpdateCheck = 1250;
				LastUpgradeCheck = 1250;
				TargetAttributes = {
					58CC649D26826E9100994D66 = {
						CreatedOnToolsVersion = 12.5;
					};
					58CC64AE26826E9200994D66 = {
						CreatedOnToolsVersion = 12.5;
						TestTargetID = 58CC649D26826E9100994D66;
					};
					58CC64B926826E9200994D66 = {
						CreatedOnToolsVersion = 12.5;
						TestTargetID = 58CC649D26826E9100994D66;
					};
				};
			};
			buildConfigurationList = 58CC649926826E9100994D66 /* Build configuration list for PBXProject "ValueInvestor" */;
			compatibilityVersion = "Xcode 9.3";
			developmentRegion = en;
			hasScannedForEncodings = 0;
			knownRegions = (
				en,
				Base,
			);
			mainGroup = 58CC649526826E9100994D66;
			packageReferences = (
				58D1E4C026A1D054009DD233 /* XCRemoteSwiftPackageReference "ChartView" */,
			);
			productRefGroup = 58CC649F26826E9100994D66 /* Products */;
			projectDirPath = "";
			projectRoot = "";
			targets = (
				58CC649D26826E9100994D66 /* ValueInvestor */,
				58CC64AE26826E9200994D66 /* ValueInvestorTests */,
				58CC64B926826E9200994D66 /* ValueInvestorUITests */,
			);
		};
/* End PBXProject section */

/* Begin PBXResourcesBuildPhase section */
		58CC649C26826E9100994D66 /* Resources */ = {
			isa = PBXResourcesBuildPhase;
			buildActionMask = 2147483647;
			files = (
				58CC64A926826E9200994D66 /* Preview Assets.xcassets in Resources */,
				58CC64A626826E9200994D66 /* Assets.xcassets in Resources */,
			);
			runOnlyForDeploymentPostprocessing = 0;
		};
		58CC64AD26826E9200994D66 /* Resources */ = {
			isa = PBXResourcesBuildPhase;
			buildActionMask = 2147483647;
			files = (
			);
			runOnlyForDeploymentPostprocessing = 0;
		};
		58CC64B826826E9200994D66 /* Resources */ = {
			isa = PBXResourcesBuildPhase;
			buildActionMask = 2147483647;
			files = (
			);
			runOnlyForDeploymentPostprocessing = 0;
		};
/* End PBXResourcesBuildPhase section */

/* Begin PBXSourcesBuildPhase section */
		58CC649A26826E9100994D66 /* Sources */ = {
			isa = PBXSourcesBuildPhase;
			buildActionMask = 2147483647;
			files = (
				586830DA26C7874E002538D9 /* UIApplication.swift in Sources */,
				584CC75B269DF45500B2D795 /* GetQuotes.swift in Sources */,
				58D39F2726CF1A8C00E349E4 /* GetProfile.swift in Sources */,
				58FC45A826BB45DD00601614 /* Color.swift in Sources */,
				58D39F2926CF247F00E349E4 /* DetailViewModel.swift in Sources */,
				58CC64A426826E9100994D66 /* StockHomeView.swift in Sources */,
				58C845A526C89B6300201590 /* PortfolioSettingView.swift in Sources */,
				586830DE26C78F65002538D9 /* SearchBarView.swift in Sources */,
				58399AE526BD8E7300EBEB2B /* CircleButtonView.swift in Sources */,
				58CC64A226826E9100994D66 /* ValueInvestorApp.swift in Sources */,
				58D39F2526CF0A7C00E349E4 /* DetailView.swift in Sources */,
				5823163B26C2504E006A2075 /* URL.swift in Sources */,
				586830E426C7C994002538D9 /* ETFStatRow.swift in Sources */,
				58D39F2B26CF24C600E349E4 /* StockDetailDataService.swift in Sources */,
				586830E226C7C424002538D9 /* StatsView.swift in Sources */,
				586830E026C7C2FB002538D9 /* ETFModel.swift in Sources */,
				589025C026D16CA2003919CC /* StockChartView.swift in Sources */,
				5823163726C2424B006A2075 /* GetQuotesService.swift in Sources */,
				58E162C126C016FE00D57F12 /* StockRowView.swift in Sources */,
				58A4AC0126D2FE4B009764DC /* Date.swift in Sources */,
				589025C626D18752003919CC /* GetChartService.swift in Sources */,
				5875007526BDA93B00870535 /* PreviewProvider.swift in Sources */,
				589025C226D16E1C003919CC /* StockChartViewModel.swift in Sources */,
				58A4AC0326D302A4009764DC /* Int.swift in Sources */,
				5875007126BD96CB00870535 /* CircleButtonAnimationView.swift in Sources */,
				58F8A22A26C3F6BA00BA903B /* NetworkManager.swift in Sources */,
				58CA366E26C8EF42002C47ED /* PortfolioSettingStockView.swift in Sources */,
				5836B87326C0CC8000530476 /* StockHomeViewModel.swift in Sources */,
				58C845A726C89E3800201590 /* XMarkButtonView.swift in Sources */,
				5875007326BDA5F100870535 /* Double.swift in Sources */,
				589025C426D1778A003919CC /* GetChart.swift in Sources */,
				5823163926C248BE006A2075 /* URLComponents.swift in Sources */,
				5899270C26CAB72200D2C857 /* PortfolioDataService.swift in Sources */,
				5899270A26CAB62C00D2C857 /* PortfolioContainer.xcdatamodeld in Sources */,
			);
			runOnlyForDeploymentPostprocessing = 0;
		};
		58CC64AB26826E9200994D66 /* Sources */ = {
			isa = PBXSourcesBuildPhase;
			buildActionMask = 2147483647;
			files = (
				58CC64B426826E9200994D66 /* ValueInvestorTests.swift in Sources */,
			);
			runOnlyForDeploymentPostprocessing = 0;
		};
		58CC64B626826E9200994D66 /* Sources */ = {
			isa = PBXSourcesBuildPhase;
			buildActionMask = 2147483647;
			files = (
				58CC64BF26826E9200994D66 /* ValueInvestorUITests.swift in Sources */,
			);
			runOnlyForDeploymentPostprocessing = 0;
		};
/* End PBXSourcesBuildPhase section */

/* Begin PBXTargetDependency section */
		58CC64B126826E9200994D66 /* PBXTargetDependency */ = {
			isa = PBXTargetDependency;
			target = 58CC649D26826E9100994D66 /* ValueInvestor */;
			targetProxy = 58CC64B026826E9200994D66 /* PBXContainerItemProxy */;
		};
		58CC64BC26826E9200994D66 /* PBXTargetDependency */ = {
			isa = PBXTargetDependency;
			target = 58CC649D26826E9100994D66 /* ValueInvestor */;
			targetProxy = 58CC64BB26826E9200994D66 /* PBXContainerItemProxy */;
		};
/* End PBXTargetDependency section */

/* Begin XCBuildConfiguration section */
		58CC64C126826E9200994D66 /* Debug */ = {
			isa = XCBuildConfiguration;
			buildSettings = {
				ALWAYS_SEARCH_USER_PATHS = NO;
				CLANG_ANALYZER_NONNULL = YES;
				CLANG_ANALYZER_NUMBER_OBJECT_CONVERSION = YES_AGGRESSIVE;
				CLANG_CXX_LANGUAGE_STANDARD = "gnu++14";
				CLANG_CXX_LIBRARY = "libc++";
				CLANG_ENABLE_MODULES = YES;
				CLANG_ENABLE_OBJC_ARC = YES;
				CLANG_ENABLE_OBJC_WEAK = YES;
				CLANG_WARN_BLOCK_CAPTURE_AUTORELEASING = YES;
				CLANG_WARN_BOOL_CONVERSION = YES;
				CLANG_WARN_COMMA = YES;
				CLANG_WARN_CONSTANT_CONVERSION = YES;
				CLANG_WARN_DEPRECATED_OBJC_IMPLEMENTATIONS = YES;
				CLANG_WARN_DIRECT_OBJC_ISA_USAGE = YES_ERROR;
				CLANG_WARN_DOCUMENTATION_COMMENTS = YES;
				CLANG_WARN_EMPTY_BODY = YES;
				CLANG_WARN_ENUM_CONVERSION = YES;
				CLANG_WARN_INFINITE_RECURSION = YES;
				CLANG_WARN_INT_CONVERSION = YES;
				CLANG_WARN_NON_LITERAL_NULL_CONVERSION = YES;
				CLANG_WARN_OBJC_IMPLICIT_RETAIN_SELF = YES;
				CLANG_WARN_OBJC_LITERAL_CONVERSION = YES;
				CLANG_WARN_OBJC_ROOT_CLASS = YES_ERROR;
				CLANG_WARN_QUOTED_INCLUDE_IN_FRAMEWORK_HEADER = YES;
				CLANG_WARN_RANGE_LOOP_ANALYSIS = YES;
				CLANG_WARN_STRICT_PROTOTYPES = YES;
				CLANG_WARN_SUSPICIOUS_MOVE = YES;
				CLANG_WARN_UNGUARDED_AVAILABILITY = YES_AGGRESSIVE;
				CLANG_WARN_UNREACHABLE_CODE = YES;
				CLANG_WARN__DUPLICATE_METHOD_MATCH = YES;
				COPY_PHASE_STRIP = NO;
				DEBUG_INFORMATION_FORMAT = dwarf;
				ENABLE_STRICT_OBJC_MSGSEND = YES;
				ENABLE_TESTABILITY = YES;
				GCC_C_LANGUAGE_STANDARD = gnu11;
				GCC_DYNAMIC_NO_PIC = NO;
				GCC_NO_COMMON_BLOCKS = YES;
				GCC_OPTIMIZATION_LEVEL = 0;
				GCC_PREPROCESSOR_DEFINITIONS = (
					"DEBUG=1",
					"$(inherited)",
				);
				GCC_WARN_64_TO_32_BIT_CONVERSION = YES;
				GCC_WARN_ABOUT_RETURN_TYPE = YES_ERROR;
				GCC_WARN_UNDECLARED_SELECTOR = YES;
				GCC_WARN_UNINITIALIZED_AUTOS = YES_AGGRESSIVE;
				GCC_WARN_UNUSED_FUNCTION = YES;
				GCC_WARN_UNUSED_VARIABLE = YES;
				IPHONEOS_DEPLOYMENT_TARGET = 14.5;
				MTL_ENABLE_DEBUG_INFO = INCLUDE_SOURCE;
				MTL_FAST_MATH = YES;
				ONLY_ACTIVE_ARCH = YES;
				SDKROOT = iphoneos;
				SWIFT_ACTIVE_COMPILATION_CONDITIONS = DEBUG;
				SWIFT_OPTIMIZATION_LEVEL = "-Onone";
			};
			name = Debug;
		};
		58CC64C226826E9200994D66 /* Release */ = {
			isa = XCBuildConfiguration;
			buildSettings = {
				ALWAYS_SEARCH_USER_PATHS = NO;
				CLANG_ANALYZER_NONNULL = YES;
				CLANG_ANALYZER_NUMBER_OBJECT_CONVERSION = YES_AGGRESSIVE;
				CLANG_CXX_LANGUAGE_STANDARD = "gnu++14";
				CLANG_CXX_LIBRARY = "libc++";
				CLANG_ENABLE_MODULES = YES;
				CLANG_ENABLE_OBJC_ARC = YES;
				CLANG_ENABLE_OBJC_WEAK = YES;
				CLANG_WARN_BLOCK_CAPTURE_AUTORELEASING = YES;
				CLANG_WARN_BOOL_CONVERSION = YES;
				CLANG_WARN_COMMA = YES;
				CLANG_WARN_CONSTANT_CONVERSION = YES;
				CLANG_WARN_DEPRECATED_OBJC_IMPLEMENTATIONS = YES;
				CLANG_WARN_DIRECT_OBJC_ISA_USAGE = YES_ERROR;
				CLANG_WARN_DOCUMENTATION_COMMENTS = YES;
				CLANG_WARN_EMPTY_BODY = YES;
				CLANG_WARN_ENUM_CONVERSION = YES;
				CLANG_WARN_INFINITE_RECURSION = YES;
				CLANG_WARN_INT_CONVERSION = YES;
				CLANG_WARN_NON_LITERAL_NULL_CONVERSION = YES;
				CLANG_WARN_OBJC_IMPLICIT_RETAIN_SELF = YES;
				CLANG_WARN_OBJC_LITERAL_CONVERSION = YES;
				CLANG_WARN_OBJC_ROOT_CLASS = YES_ERROR;
				CLANG_WARN_QUOTED_INCLUDE_IN_FRAMEWORK_HEADER = YES;
				CLANG_WARN_RANGE_LOOP_ANALYSIS = YES;
				CLANG_WARN_STRICT_PROTOTYPES = YES;
				CLANG_WARN_SUSPICIOUS_MOVE = YES;
				CLANG_WARN_UNGUARDED_AVAILABILITY = YES_AGGRESSIVE;
				CLANG_WARN_UNREACHABLE_CODE = YES;
				CLANG_WARN__DUPLICATE_METHOD_MATCH = YES;
				COPY_PHASE_STRIP = NO;
				DEBUG_INFORMATION_FORMAT = "dwarf-with-dsym";
				ENABLE_NS_ASSERTIONS = NO;
				ENABLE_STRICT_OBJC_MSGSEND = YES;
				GCC_C_LANGUAGE_STANDARD = gnu11;
				GCC_NO_COMMON_BLOCKS = YES;
				GCC_WARN_64_TO_32_BIT_CONVERSION = YES;
				GCC_WARN_ABOUT_RETURN_TYPE = YES_ERROR;
				GCC_WARN_UNDECLARED_SELECTOR = YES;
				GCC_WARN_UNINITIALIZED_AUTOS = YES_AGGRESSIVE;
				GCC_WARN_UNUSED_FUNCTION = YES;
				GCC_WARN_UNUSED_VARIABLE = YES;
				IPHONEOS_DEPLOYMENT_TARGET = 14.5;
				MTL_ENABLE_DEBUG_INFO = NO;
				MTL_FAST_MATH = YES;
				SDKROOT = iphoneos;
				SWIFT_COMPILATION_MODE = wholemodule;
				SWIFT_OPTIMIZATION_LEVEL = "-O";
				VALIDATE_PRODUCT = YES;
			};
			name = Release;
		};
		58CC64C426826E9200994D66 /* Debug */ = {
			isa = XCBuildConfiguration;
			buildSettings = {
				ASSETCATALOG_COMPILER_APPICON_NAME = AppIcon;
				ASSETCATALOG_COMPILER_GLOBAL_ACCENT_COLOR_NAME = AccentColor;
				CODE_SIGN_STYLE = Automatic;
				DEVELOPMENT_ASSET_PATHS = "\"ValueInvestor/Preview Content\"";
				DEVELOPMENT_TEAM = 4MQC7PD9AU;
				ENABLE_PREVIEWS = YES;
				INFOPLIST_FILE = ValueInvestor/Info.plist;
				IPHONEOS_DEPLOYMENT_TARGET = 14.0;
				LD_RUNPATH_SEARCH_PATHS = (
					"$(inherited)",
					"@executable_path/Frameworks",
				);
				PRODUCT_BUNDLE_IDENTIFIER = com.amith156.ValueInvestor;
				PRODUCT_NAME = "$(TARGET_NAME)";
				SWIFT_VERSION = 5.0;
				TARGETED_DEVICE_FAMILY = "1,2";
			};
			name = Debug;
		};
		58CC64C526826E9200994D66 /* Release */ = {
			isa = XCBuildConfiguration;
			buildSettings = {
				ASSETCATALOG_COMPILER_APPICON_NAME = AppIcon;
				ASSETCATALOG_COMPILER_GLOBAL_ACCENT_COLOR_NAME = AccentColor;
				CODE_SIGN_STYLE = Automatic;
				DEVELOPMENT_ASSET_PATHS = "\"ValueInvestor/Preview Content\"";
				DEVELOPMENT_TEAM = 4MQC7PD9AU;
				ENABLE_PREVIEWS = YES;
				INFOPLIST_FILE = ValueInvestor/Info.plist;
				IPHONEOS_DEPLOYMENT_TARGET = 14.0;
				LD_RUNPATH_SEARCH_PATHS = (
					"$(inherited)",
					"@executable_path/Frameworks",
				);
				PRODUCT_BUNDLE_IDENTIFIER = com.amith156.ValueInvestor;
				PRODUCT_NAME = "$(TARGET_NAME)";
				SWIFT_VERSION = 5.0;
				TARGETED_DEVICE_FAMILY = "1,2";
			};
			name = Release;
		};
		58CC64C726826E9200994D66 /* Debug */ = {
			isa = XCBuildConfiguration;
			buildSettings = {
				ALWAYS_EMBED_SWIFT_STANDARD_LIBRARIES = YES;
				BUNDLE_LOADER = "$(TEST_HOST)";
				CODE_SIGN_STYLE = Automatic;
				DEVELOPMENT_TEAM = 4MQC7PD9AU;
				INFOPLIST_FILE = ValueInvestorTests/Info.plist;
				IPHONEOS_DEPLOYMENT_TARGET = 14.0;
				LD_RUNPATH_SEARCH_PATHS = (
					"$(inherited)",
					"@executable_path/Frameworks",
					"@loader_path/Frameworks",
				);
				PRODUCT_BUNDLE_IDENTIFIER = com.amith156.ValueInvestorTests;
				PRODUCT_NAME = "$(TARGET_NAME)";
				SWIFT_VERSION = 5.0;
				TARGETED_DEVICE_FAMILY = "1,2";
				TEST_HOST = "$(BUILT_PRODUCTS_DIR)/ValueInvestor.app/ValueInvestor";
			};
			name = Debug;
		};
		58CC64C826826E9200994D66 /* Release */ = {
			isa = XCBuildConfiguration;
			buildSettings = {
				ALWAYS_EMBED_SWIFT_STANDARD_LIBRARIES = YES;
				BUNDLE_LOADER = "$(TEST_HOST)";
				CODE_SIGN_STYLE = Automatic;
				DEVELOPMENT_TEAM = 4MQC7PD9AU;
				INFOPLIST_FILE = ValueInvestorTests/Info.plist;
				IPHONEOS_DEPLOYMENT_TARGET = 14.0;
				LD_RUNPATH_SEARCH_PATHS = (
					"$(inherited)",
					"@executable_path/Frameworks",
					"@loader_path/Frameworks",
				);
				PRODUCT_BUNDLE_IDENTIFIER = com.amith156.ValueInvestorTests;
				PRODUCT_NAME = "$(TARGET_NAME)";
				SWIFT_VERSION = 5.0;
				TARGETED_DEVICE_FAMILY = "1,2";
				TEST_HOST = "$(BUILT_PRODUCTS_DIR)/ValueInvestor.app/ValueInvestor";
			};
			name = Release;
		};
		58CC64CA26826E9200994D66 /* Debug */ = {
			isa = XCBuildConfiguration;
			buildSettings = {
				ALWAYS_EMBED_SWIFT_STANDARD_LIBRARIES = YES;
				CODE_SIGN_STYLE = Automatic;
				DEVELOPMENT_TEAM = 4MQC7PD9AU;
				INFOPLIST_FILE = ValueInvestorUITests/Info.plist;
				LD_RUNPATH_SEARCH_PATHS = (
					"$(inherited)",
					"@executable_path/Frameworks",
					"@loader_path/Frameworks",
				);
				PRODUCT_BUNDLE_IDENTIFIER = com.amith156.ValueInvestorUITests;
				PRODUCT_NAME = "$(TARGET_NAME)";
				SWIFT_VERSION = 5.0;
				TARGETED_DEVICE_FAMILY = "1,2";
				TEST_TARGET_NAME = ValueInvestor;
			};
			name = Debug;
		};
		58CC64CB26826E9200994D66 /* Release */ = {
			isa = XCBuildConfiguration;
			buildSettings = {
				ALWAYS_EMBED_SWIFT_STANDARD_LIBRARIES = YES;
				CODE_SIGN_STYLE = Automatic;
				DEVELOPMENT_TEAM = 4MQC7PD9AU;
				INFOPLIST_FILE = ValueInvestorUITests/Info.plist;
				LD_RUNPATH_SEARCH_PATHS = (
					"$(inherited)",
					"@executable_path/Frameworks",
					"@loader_path/Frameworks",
				);
				PRODUCT_BUNDLE_IDENTIFIER = com.amith156.ValueInvestorUITests;
				PRODUCT_NAME = "$(TARGET_NAME)";
				SWIFT_VERSION = 5.0;
				TARGETED_DEVICE_FAMILY = "1,2";
				TEST_TARGET_NAME = ValueInvestor;
			};
			name = Release;
		};
/* End XCBuildConfiguration section */

/* Begin XCConfigurationList section */
		58CC649926826E9100994D66 /* Build configuration list for PBXProject "ValueInvestor" */ = {
			isa = XCConfigurationList;
			buildConfigurations = (
				58CC64C126826E9200994D66 /* Debug */,
				58CC64C226826E9200994D66 /* Release */,
			);
			defaultConfigurationIsVisible = 0;
			defaultConfigurationName = Release;
		};
		58CC64C326826E9200994D66 /* Build configuration list for PBXNativeTarget "ValueInvestor" */ = {
			isa = XCConfigurationList;
			buildConfigurations = (
				58CC64C426826E9200994D66 /* Debug */,
				58CC64C526826E9200994D66 /* Release */,
			);
			defaultConfigurationIsVisible = 0;
			defaultConfigurationName = Release;
		};
		58CC64C626826E9200994D66 /* Build configuration list for PBXNativeTarget "ValueInvestorTests" */ = {
			isa = XCConfigurationList;
			buildConfigurations = (
				58CC64C726826E9200994D66 /* Debug */,
				58CC64C826826E9200994D66 /* Release */,
			);
			defaultConfigurationIsVisible = 0;
			defaultConfigurationName = Release;
		};
		58CC64C926826E9200994D66 /* Build configuration list for PBXNativeTarget "ValueInvestorUITests" */ = {
			isa = XCConfigurationList;
			buildConfigurations = (
				58CC64CA26826E9200994D66 /* Debug */,
				58CC64CB26826E9200994D66 /* Release */,
			);
			defaultConfigurationIsVisible = 0;
			defaultConfigurationName = Release;
		};
/* End XCConfigurationList section */

/* Begin XCRemoteSwiftPackageReference section */
		58D1E4C026A1D054009DD233 /* XCRemoteSwiftPackageReference "ChartView" */ = {
			isa = XCRemoteSwiftPackageReference;
			repositoryURL = "https://github.com/AppPear/ChartView";
			requirement = {
				kind = upToNextMajorVersion;
				minimumVersion = 1.5.5;
			};
		};
/* End XCRemoteSwiftPackageReference section */

/* Begin XCSwiftPackageProductDependency section */
		58D1E4C126A1D054009DD233 /* SwiftUICharts */ = {
			isa = XCSwiftPackageProductDependency;
			package = 58D1E4C026A1D054009DD233 /* XCRemoteSwiftPackageReference "ChartView" */;
			productName = SwiftUICharts;
		};
/* End XCSwiftPackageProductDependency section */

/* Begin XCVersionGroup section */
		5899270826CAB62C00D2C857 /* PortfolioContainer.xcdatamodeld */ = {
			isa = XCVersionGroup;
			children = (
				5899270926CAB62C00D2C857 /* PortfolioContainer.xcdatamodel */,
			);
			currentVersion = 5899270926CAB62C00D2C857 /* PortfolioContainer.xcdatamodel */;
			path = PortfolioContainer.xcdatamodeld;
			sourceTree = "<group>";
			versionGroupType = wrapper.xcdatamodel;
		};
/* End XCVersionGroup section */
	};
	rootObject = 58CC649626826E9100994D66 /* Project object */;
}
